version = 1
revision = 2
requires-python = ">=3.9"

[[package]]
name = "cachier"
source = { editable = "." }
dependencies = [
    { name = "portalocker" },
    { name = "pympler" },
    { name = "watchdog" },
]

[package.metadata]
requires-dist = [
    { name = "portalocker", specifier = ">=2.3.2" },
    { name = "pympler", specifier = ">=1" },
    { name = "watchdog", specifier = ">=2.3.1" },
]

[[package]]
name = "portalocker"
version = "3.2.0"
source = { registry = "https://pypi.org/simple" }
dependencies = [
    { name = "pywin32", marker = "sys_platform == 'win32'" },
]
sdist = { url = "https://files.pythonhosted.org/packages/5e/77/65b857a69ed876e1951e88aaba60f5ce6120c33703f7cb61a3c894b8c1b6/portalocker-3.2.0.tar.gz", hash = "sha256:1f3002956a54a8c3730586c5c77bf18fae4149e07eaf1c29fc3faf4d5a3f89ac", size = 95644, upload-time = "2025-06-14T13:20:40.03Z" }
wheels = [
    { url = "https://files.pythonhosted.org/packages/4b/a6/38c8e2f318bf67d338f4d629e93b0b4b9af331f455f0390ea8ce4a099b26/portalocker-3.2.0-py3-none-any.whl", hash = "sha256:3cdc5f565312224bc570c49337bd21428bba0ef363bbcf58b9ef4a9f11779968", size = 22424, upload-time = "2025-06-14T13:20:38.083Z" },
]

[[package]]
name = "pympler"
version = "1.1"
source = { registry = "https://pypi.org/simple" }
dependencies = [
    { name = "pywin32", marker = "sys_platform == 'win32'" },
]
sdist = { url = "https://files.pythonhosted.org/packages/dd/37/c384631908029676d8e7213dd956bb686af303a80db7afbc9be36bc49495/pympler-1.1.tar.gz", hash = "sha256:1eaa867cb8992c218430f1708fdaccda53df064144d1c5656b1e6f1ee6000424", size = 179954, upload-time = "2024-06-28T19:56:06.563Z" }
wheels = [
    { url = "https://files.pythonhosted.org/packages/79/4f/a6a2e2b202d7fd97eadfe90979845b8706676b41cbd3b42ba75adf329d1f/Pympler-1.1-py3-none-any.whl", hash = "sha256:5b223d6027d0619584116a0cbc28e8d2e378f7a79c1e5e024f9ff3b673c58506", size = 165766, upload-time = "2024-06-28T19:56:05.087Z" },
]

[[package]]
name = "pywin32"
version = "310"
source = { registry = "https://pypi.org/simple" }
wheels = [
    { url = "https://files.pythonhosted.org/packages/95/da/a5f38fffbba2fb99aa4aa905480ac4b8e83ca486659ac8c95bce47fb5276/pywin32-310-cp310-cp310-win32.whl", hash = "sha256:6dd97011efc8bf51d6793a82292419eba2c71cf8e7250cfac03bba284454abc1", size = 8848240, upload-time = "2025-03-17T00:55:46.783Z" },
    { url = "https://files.pythonhosted.org/packages/aa/fe/d873a773324fa565619ba555a82c9dabd677301720f3660a731a5d07e49a/pywin32-310-cp310-cp310-win_amd64.whl", hash = "sha256:c3e78706e4229b915a0821941a84e7ef420bf2b77e08c9dae3c76fd03fd2ae3d", size = 9601854, upload-time = "2025-03-17T00:55:48.783Z" },
    { url = "https://files.pythonhosted.org/packages/3c/84/1a8e3d7a15490d28a5d816efa229ecb4999cdc51a7c30dd8914f669093b8/pywin32-310-cp310-cp310-win_arm64.whl", hash = "sha256:33babed0cf0c92a6f94cc6cc13546ab24ee13e3e800e61ed87609ab91e4c8213", size = 8522963, upload-time = "2025-03-17T00:55:50.969Z" },
    { url = "https://files.pythonhosted.org/packages/f7/b1/68aa2986129fb1011dabbe95f0136f44509afaf072b12b8f815905a39f33/pywin32-310-cp311-cp311-win32.whl", hash = "sha256:1e765f9564e83011a63321bb9d27ec456a0ed90d3732c4b2e312b855365ed8bd", size = 8784284, upload-time = "2025-03-17T00:55:53.124Z" },
    { url = "https://files.pythonhosted.org/packages/b3/bd/d1592635992dd8db5bb8ace0551bc3a769de1ac8850200cfa517e72739fb/pywin32-310-cp311-cp311-win_amd64.whl", hash = "sha256:126298077a9d7c95c53823934f000599f66ec9296b09167810eb24875f32689c", size = 9520748, upload-time = "2025-03-17T00:55:55.203Z" },
    { url = "https://files.pythonhosted.org/packages/90/b1/ac8b1ffce6603849eb45a91cf126c0fa5431f186c2e768bf56889c46f51c/pywin32-310-cp311-cp311-win_arm64.whl", hash = "sha256:19ec5fc9b1d51c4350be7bb00760ffce46e6c95eaf2f0b2f1150657b1a43c582", size = 8455941, upload-time = "2025-03-17T00:55:57.048Z" },
    { url = "https://files.pythonhosted.org/packages/6b/ec/4fdbe47932f671d6e348474ea35ed94227fb5df56a7c30cbbb42cd396ed0/pywin32-310-cp312-cp312-win32.whl", hash = "sha256:8a75a5cc3893e83a108c05d82198880704c44bbaee4d06e442e471d3c9ea4f3d", size = 8796239, upload-time = "2025-03-17T00:55:58.807Z" },
    { url = "https://files.pythonhosted.org/packages/e3/e5/b0627f8bb84e06991bea89ad8153a9e50ace40b2e1195d68e9dff6b03d0f/pywin32-310-cp312-cp312-win_amd64.whl", hash = "sha256:bf5c397c9a9a19a6f62f3fb821fbf36cac08f03770056711f765ec1503972060", size = 9503839, upload-time = "2025-03-17T00:56:00.8Z" },
    { url = "https://files.pythonhosted.org/packages/1f/32/9ccf53748df72301a89713936645a664ec001abd35ecc8578beda593d37d/pywin32-310-cp312-cp312-win_arm64.whl", hash = "sha256:2349cc906eae872d0663d4d6290d13b90621eaf78964bb1578632ff20e152966", size = 8459470, upload-time = "2025-03-17T00:56:02.601Z" },
    { url = "https://files.pythonhosted.org/packages/1c/09/9c1b978ffc4ae53999e89c19c77ba882d9fce476729f23ef55211ea1c034/pywin32-310-cp313-cp313-win32.whl", hash = "sha256:5d241a659c496ada3253cd01cfaa779b048e90ce4b2b38cd44168ad555ce74ab", size = 8794384, upload-time = "2025-03-17T00:56:04.383Z" },
    { url = "https://files.pythonhosted.org/packages/45/3c/b4640f740ffebadd5d34df35fecba0e1cfef8fde9f3e594df91c28ad9b50/pywin32-310-cp313-cp313-win_amd64.whl", hash = "sha256:667827eb3a90208ddbdcc9e860c81bde63a135710e21e4cb3348968e4bd5249e", size = 9503039, upload-time = "2025-03-17T00:56:06.207Z" },
    { url = "https://files.pythonhosted.org/packages/b4/f4/f785020090fb050e7fb6d34b780f2231f302609dc964672f72bfaeb59a28/pywin32-310-cp313-cp313-win_arm64.whl", hash = "sha256:e308f831de771482b7cf692a1f308f8fca701b2d8f9dde6cc440c7da17e47b33", size = 8458152, upload-time = "2025-03-17T00:56:07.819Z" },
    { url = "https://files.pythonhosted.org/packages/a2/cd/d09d434630edb6a0c44ad5079611279a67530296cfe0451e003de7f449ff/pywin32-310-cp39-cp39-win32.whl", hash = "sha256:851c8d927af0d879221e616ae1f66145253537bbdd321a77e8ef701b443a9a1a", size = 8848099, upload-time = "2025-03-17T00:55:42.415Z" },
    { url = "https://files.pythonhosted.org/packages/93/ff/2a8c10315ffbdee7b3883ac0d1667e267ca8b3f6f640d81d43b87a82c0c7/pywin32-310-cp39-cp39-win_amd64.whl", hash = "sha256:96867217335559ac619f00ad70e513c0fcf84b8a3af9fc2bba3b59b97da70475", size = 9602031, upload-time = "2025-03-17T00:55:44.512Z" },
]

[[package]]
name = "watchdog"
version = "6.0.0"
source = { registry = "https://pypi.org/simple" }
sdist = { url = "https://files.pythonhosted.org/packages/db/7d/7f3d619e951c88ed75c6037b246ddcf2d322812ee8ea189be89511721d54/watchdog-6.0.0.tar.gz", hash = "sha256:9ddf7c82fda3ae8e24decda1338ede66e1c99883db93711d8fb941eaa2d8c282", size = 131220, upload-time = "2024-11-01T14:07:13.037Z" }
wheels = [
    { url = "https://files.pythonhosted.org/packages/0c/56/90994d789c61df619bfc5ce2ecdabd5eeff564e1eb47512bd01b5e019569/watchdog-6.0.0-cp310-cp310-macosx_10_9_universal2.whl", hash = "sha256:d1cdb490583ebd691c012b3d6dae011000fe42edb7a82ece80965b42abd61f26", size = 96390, upload-time = "2024-11-01T14:06:24.793Z" },
    { url = "https://files.pythonhosted.org/packages/55/46/9a67ee697342ddf3c6daa97e3a587a56d6c4052f881ed926a849fcf7371c/watchdog-6.0.0-cp310-cp310-macosx_10_9_x86_64.whl", hash = "sha256:bc64ab3bdb6a04d69d4023b29422170b74681784ffb9463ed4870cf2f3e66112", size = 88389, upload-time = "2024-11-01T14:06:27.112Z" },
    { url = "https://files.pythonhosted.org/packages/44/65/91b0985747c52064d8701e1075eb96f8c40a79df889e59a399453adfb882/watchdog-6.0.0-cp310-cp310-macosx_11_0_arm64.whl", hash = "sha256:c897ac1b55c5a1461e16dae288d22bb2e412ba9807df8397a635d88f671d36c3", size = 89020, upload-time = "2024-11-01T14:06:29.876Z" },
    { url = "https://files.pythonhosted.org/packages/e0/24/d9be5cd6642a6aa68352ded4b4b10fb0d7889cb7f45814fb92cecd35f101/watchdog-6.0.0-cp311-cp311-macosx_10_9_universal2.whl", hash = "sha256:6eb11feb5a0d452ee41f824e271ca311a09e250441c262ca2fd7ebcf2461a06c", size = 96393, upload-time = "2024-11-01T14:06:31.756Z" },
    { url = "https://files.pythonhosted.org/packages/63/7a/6013b0d8dbc56adca7fdd4f0beed381c59f6752341b12fa0886fa7afc78b/watchdog-6.0.0-cp311-cp311-macosx_10_9_x86_64.whl", hash = "sha256:ef810fbf7b781a5a593894e4f439773830bdecb885e6880d957d5b9382a960d2", size = 88392, upload-time = "2024-11-01T14:06:32.99Z" },
    { url = "https://files.pythonhosted.org/packages/d1/40/b75381494851556de56281e053700e46bff5b37bf4c7267e858640af5a7f/watchdog-6.0.0-cp311-cp311-macosx_11_0_arm64.whl", hash = "sha256:afd0fe1b2270917c5e23c2a65ce50c2a4abb63daafb0d419fde368e272a76b7c", size = 89019, upload-time = "2024-11-01T14:06:34.963Z" },
    { url = "https://files.pythonhosted.org/packages/39/ea/3930d07dafc9e286ed356a679aa02d777c06e9bfd1164fa7c19c288a5483/watchdog-6.0.0-cp312-cp312-macosx_10_13_universal2.whl", hash = "sha256:bdd4e6f14b8b18c334febb9c4425a878a2ac20efd1e0b231978e7b150f92a948", size = 96471, upload-time = "2024-11-01T14:06:37.745Z" },
    { url = "https://files.pythonhosted.org/packages/12/87/48361531f70b1f87928b045df868a9fd4e253d9ae087fa4cf3f7113be363/watchdog-6.0.0-cp312-cp312-macosx_10_13_x86_64.whl", hash = "sha256:c7c15dda13c4eb00d6fb6fc508b3c0ed88b9d5d374056b239c4ad1611125c860", size = 88449, upload-time = "2024-11-01T14:06:39.748Z" },
    { url = "https://files.pythonhosted.org/packages/5b/7e/8f322f5e600812e6f9a31b75d242631068ca8f4ef0582dd3ae6e72daecc8/watchdog-6.0.0-cp312-cp312-macosx_11_0_arm64.whl", hash = "sha256:6f10cb2d5902447c7d0da897e2c6768bca89174d0c6e1e30abec5421af97a5b0", size = 89054, upload-time = "2024-11-01T14:06:41.009Z" },
    { url = "https://files.pythonhosted.org/packages/68/98/b0345cabdce2041a01293ba483333582891a3bd5769b08eceb0d406056ef/watchdog-6.0.0-cp313-cp313-macosx_10_13_universal2.whl", hash = "sha256:490ab2ef84f11129844c23fb14ecf30ef3d8a6abafd3754a6f75ca1e6654136c", size = 96480, upload-time = "2024-11-01T14:06:42.952Z" },
    { url = "https://files.pythonhosted.org/packages/85/83/cdf13902c626b28eedef7ec4f10745c52aad8a8fe7eb04ed7b1f111ca20e/watchdog-6.0.0-cp313-cp313-macosx_10_13_x86_64.whl", hash = "sha256:76aae96b00ae814b181bb25b1b98076d5fc84e8a53cd8885a318b42b6d3a5134", size = 88451, upload-time = "2024-11-01T14:06:45.084Z" },
    { url = "https://files.pythonhosted.org/packages/fe/c4/225c87bae08c8b9ec99030cd48ae9c4eca050a59bf5c2255853e18c87b50/watchdog-6.0.0-cp313-cp313-macosx_11_0_arm64.whl", hash = "sha256:a175f755fc2279e0b7312c0035d52e27211a5bc39719dd529625b1930917345b", size = 89057, upload-time = "2024-11-01T14:06:47.324Z" },
    { url = "https://files.pythonhosted.org/packages/05/52/7223011bb760fce8ddc53416beb65b83a3ea6d7d13738dde75eeb2c89679/watchdog-6.0.0-cp39-cp39-macosx_10_9_universal2.whl", hash = "sha256:e6f0e77c9417e7cd62af82529b10563db3423625c5fce018430b249bf977f9e8", size = 96390, upload-time = "2024-11-01T14:06:49.325Z" },
    { url = "https://files.pythonhosted.org/packages/9c/62/d2b21bc4e706d3a9d467561f487c2938cbd881c69f3808c43ac1ec242391/watchdog-6.0.0-cp39-cp39-macosx_10_9_x86_64.whl", hash = "sha256:90c8e78f3b94014f7aaae121e6b909674df5b46ec24d6bebc45c44c56729af2a", size = 88386, upload-time = "2024-11-01T14:06:50.536Z" },
    { url = "https://files.pythonhosted.org/packages/ea/22/1c90b20eda9f4132e4603a26296108728a8bfe9584b006bd05dd94548853/watchdog-6.0.0-cp39-cp39-macosx_11_0_arm64.whl", hash = "sha256:e7631a77ffb1f7d2eefa4445ebbee491c720a5661ddf6df3498ebecae5ed375c", size = 89017, upload-time = "2024-11-01T14:06:51.717Z" },
    { url = "https://files.pythonhosted.org/packages/30/ad/d17b5d42e28a8b91f8ed01cb949da092827afb9995d4559fd448d0472763/watchdog-6.0.0-pp310-pypy310_pp73-macosx_10_15_x86_64.whl", hash = "sha256:c7ac31a19f4545dd92fc25d200694098f42c9a8e391bc00bdd362c5736dbf881", size = 87902, upload-time = "2024-11-01T14:06:53.119Z" },
    { url = "https://files.pythonhosted.org/packages/5c/ca/c3649991d140ff6ab67bfc85ab42b165ead119c9e12211e08089d763ece5/watchdog-6.0.0-pp310-pypy310_pp73-macosx_11_0_arm64.whl", hash = "sha256:9513f27a1a582d9808cf21a07dae516f0fab1cf2d7683a742c498b93eedabb11", size = 88380, upload-time = "2024-11-01T14:06:55.19Z" },
    { url = "https://files.pythonhosted.org/packages/5b/79/69f2b0e8d3f2afd462029031baafb1b75d11bb62703f0e1022b2e54d49ee/watchdog-6.0.0-pp39-pypy39_pp73-macosx_10_15_x86_64.whl", hash = "sha256:7a0e56874cfbc4b9b05c60c8a1926fedf56324bb08cfbc188969777940aef3aa", size = 87903, upload-time = "2024-11-01T14:06:57.052Z" },
    { url = "https://files.pythonhosted.org/packages/e2/2b/dc048dd71c2e5f0f7ebc04dd7912981ec45793a03c0dc462438e0591ba5d/watchdog-6.0.0-pp39-pypy39_pp73-macosx_11_0_arm64.whl", hash = "sha256:e6439e374fc012255b4ec786ae3c4bc838cd7309a540e5fe0952d03687d8804e", size = 88381, upload-time = "2024-11-01T14:06:58.193Z" },
    { url = "https://files.pythonhosted.org/packages/a9/c7/ca4bf3e518cb57a686b2feb4f55a1892fd9a3dd13f470fca14e00f80ea36/watchdog-6.0.0-py3-none-manylinux2014_aarch64.whl", hash = "sha256:7607498efa04a3542ae3e05e64da8202e58159aa1fa4acddf7678d34a35d4f13", size = 79079, upload-time = "2024-11-01T14:06:59.472Z" },
    { url = "https://files.pythonhosted.org/packages/5c/51/d46dc9332f9a647593c947b4b88e2381c8dfc0942d15b8edc0310fa4abb1/watchdog-6.0.0-py3-none-manylinux2014_armv7l.whl", hash = "sha256:9041567ee8953024c83343288ccc458fd0a2d811d6a0fd68c4c22609e3490379", size = 79078, upload-time = "2024-11-01T14:07:01.431Z" },
    { url = "https://files.pythonhosted.org/packages/d4/57/04edbf5e169cd318d5f07b4766fee38e825d64b6913ca157ca32d1a42267/watchdog-6.0.0-py3-none-manylinux2014_i686.whl", hash = "sha256:82dc3e3143c7e38ec49d61af98d6558288c415eac98486a5c581726e0737c00e", size = 79076, upload-time = "2024-11-01T14:07:02.568Z" },
    { url = "https://files.pythonhosted.org/packages/ab/cc/da8422b300e13cb187d2203f20b9253e91058aaf7db65b74142013478e66/watchdog-6.0.0-py3-none-manylinux2014_ppc64.whl", hash = "sha256:212ac9b8bf1161dc91bd09c048048a95ca3a4c4f5e5d4a7d1b1a7d5752a7f96f", size = 79077, upload-time = "2024-11-01T14:07:03.893Z" },
    { url = "https://files.pythonhosted.org/packages/2c/3b/b8964e04ae1a025c44ba8e4291f86e97fac443bca31de8bd98d3263d2fcf/watchdog-6.0.0-py3-none-manylinux2014_ppc64le.whl", hash = "sha256:e3df4cbb9a450c6d49318f6d14f4bbc80d763fa587ba46ec86f99f9e6876bb26", size = 79078, upload-time = "2024-11-01T14:07:05.189Z" },
    { url = "https://files.pythonhosted.org/packages/62/ae/a696eb424bedff7407801c257d4b1afda455fe40821a2be430e173660e81/watchdog-6.0.0-py3-none-manylinux2014_s390x.whl", hash = "sha256:2cce7cfc2008eb51feb6aab51251fd79b85d9894e98ba847408f662b3395ca3c", size = 79077, upload-time = "2024-11-01T14:07:06.376Z" },
    { url = "https://files.pythonhosted.org/packages/b5/e8/dbf020b4d98251a9860752a094d09a65e1b436ad181faf929983f697048f/watchdog-6.0.0-py3-none-manylinux2014_x86_64.whl", hash = "sha256:20ffe5b202af80ab4266dcd3e91aae72bf2da48c0d33bdb15c66658e685e94e2", size = 79078, upload-time = "2024-11-01T14:07:07.547Z" },
    { url = "https://files.pythonhosted.org/packages/07/f6/d0e5b343768e8bcb4cda79f0f2f55051bf26177ecd5651f84c07567461cf/watchdog-6.0.0-py3-none-win32.whl", hash = "sha256:07df1fdd701c5d4c8e55ef6cf55b8f0120fe1aef7ef39a1c6fc6bc2e606d517a", size = 79065, upload-time = "2024-11-01T14:07:09.525Z" },
    { url = "https://files.pythonhosted.org/packages/db/d9/c495884c6e548fce18a8f40568ff120bc3a4b7b99813081c8ac0c936fa64/watchdog-6.0.0-py3-none-win_amd64.whl", hash = "sha256:cbafb470cf848d93b5d013e2ecb245d4aa1c8fd0504e863ccefa32445359d680", size = 79070, upload-time = "2024-11-01T14:07:10.686Z" },
    { url = "https://files.pythonhosted.org/packages/33/e8/e40370e6d74ddba47f002a32919d91310d6074130fe4e17dabcafc15cbf1/watchdog-6.0.0-py3-none-win_ia64.whl", hash = "sha256:a1914259fa9e1454315171103c6a30961236f508b9b623eae470268bbcc6a22f", size = 79067, upload-time = "2024-11-01T14:07:11.845Z" },
]
